
Microsoft Visual Studio Solution File, Format Version 12.00
# Visual Studio 15
VisualStudioVersion = 15.0.28307.271
MinimumVisualStudioVersion = 10.0.40219.1
Project("{FAE04EC0-301F-11D3-BF4B-00C04F79EFBC}") = "opg_arrays.2.4", "opg_arrays.2.4\opg_arrays.2.4.csproj", "{417593EB-1128-4C24-B026-3D90661453DA}"
EndProject
Global
	GlobalSection(SolutionConfigurationPlatforms) = preSolution
		Debug|Any CPU = Debug|Any CPU
		Release|Any CPU = Release|Any CPU
	EndGlobalSection
	GlobalSection(ProjectConfigurationPlatforms) = postSolution
		{417593EB-1128-4C24-B026-3D90661453DA}.Debug|Any CPU.ActiveCfg = Debug|Any CPU
		{417593EB-1128-4C24-B026-3D90661453DA}.Debug|Any CPU.Build.0 = Debug|Any CPU
		{417593EB-1128-4C24-B026-3D90661453DA}.Release|Any CPU.ActiveCfg = Release|Any CPU
		{417593EB-1128-4C24-B026-3D90661453DA}.Release|Any CPU.Build.0 = Release|Any CPU
	EndGlobalSection
	GlobalSection(SolutionProperties) = preSolution
		HideSolutionNode = FALSE
	EndGlobalSection
	GlobalSection(ExtensibilityGlobals) = postSolution
		SolutionGuid = {2C46E8F3-EFBE-456B-A15F-45D1BAC0A9F9}
	EndGlobalSection
EndGlobal
