
Microsoft Visual Studio Solution File, Format Version 12.00
# Visual Studio 15
VisualStudioVersion = 15.0.28307.271
MinimumVisualStudioVersion = 10.0.40219.1
Project("{FAE04EC0-301F-11D3-BF4B-00C04F79EFBC}") = "opg2_statement", "opg2_statement\opg2_statement.csproj", "{E21B4A96-2D73-4B08-80F6-D64DC4462DEC}"
EndProject
Global
	GlobalSection(SolutionConfigurationPlatforms) = preSolution
		Debug|Any CPU = Debug|Any CPU
		Release|Any CPU = Release|Any CPU
	EndGlobalSection
	GlobalSection(ProjectConfigurationPlatforms) = postSolution
		{E21B4A96-2D73-4B08-80F6-D64DC4462DEC}.Debug|Any CPU.ActiveCfg = Debug|Any CPU
		{E21B4A96-2D73-4B08-80F6-D64DC4462DEC}.Debug|Any CPU.Build.0 = Debug|Any CPU
		{E21B4A96-2D73-4B08-80F6-D64DC4462DEC}.Release|Any CPU.ActiveCfg = Release|Any CPU
		{E21B4A96-2D73-4B08-80F6-D64DC4462DEC}.Release|Any CPU.Build.0 = Release|Any CPU
	EndGlobalSection
	GlobalSection(SolutionProperties) = preSolution
		HideSolutionNode = FALSE
	EndGlobalSection
	GlobalSection(ExtensibilityGlobals) = postSolution
		SolutionGuid = {9AEA1265-90D2-4DD5-9FF2-614A652478E0}
	EndGlobalSection
EndGlobal
