
Microsoft Visual Studio Solution File, Format Version 12.00
# Visual Studio 15
VisualStudioVersion = 15.0.28307.271
MinimumVisualStudioVersion = 10.0.40219.1
Project("{FAE04EC0-301F-11D3-BF4B-00C04F79EFBC}") = "opg_arrays2", "opg_arrays2\opg_arrays2.csproj", "{D6E892D3-29BA-4278-BFCD-BCE98ED98C7E}"
EndProject
Global
	GlobalSection(SolutionConfigurationPlatforms) = preSolution
		Debug|Any CPU = Debug|Any CPU
		Release|Any CPU = Release|Any CPU
	EndGlobalSection
	GlobalSection(ProjectConfigurationPlatforms) = postSolution
		{D6E892D3-29BA-4278-BFCD-BCE98ED98C7E}.Debug|Any CPU.ActiveCfg = Debug|Any CPU
		{D6E892D3-29BA-4278-BFCD-BCE98ED98C7E}.Debug|Any CPU.Build.0 = Debug|Any CPU
		{D6E892D3-29BA-4278-BFCD-BCE98ED98C7E}.Release|Any CPU.ActiveCfg = Release|Any CPU
		{D6E892D3-29BA-4278-BFCD-BCE98ED98C7E}.Release|Any CPU.Build.0 = Release|Any CPU
	EndGlobalSection
	GlobalSection(SolutionProperties) = preSolution
		HideSolutionNode = FALSE
	EndGlobalSection
	GlobalSection(ExtensibilityGlobals) = postSolution
		SolutionGuid = {387533F8-C9B3-451E-BEFB-FD304B14D651}
	EndGlobalSection
EndGlobal
