
Microsoft Visual Studio Solution File, Format Version 12.00
# Visual Studio 15
VisualStudioVersion = 15.0.28307.271
MinimumVisualStudioVersion = 10.0.40219.1
Project("{FAE04EC0-301F-11D3-BF4B-00C04F79EFBC}") = "opg3", "opg3\opg3.csproj", "{545E2946-A1E2-4AF9-A05C-C74606936297}"
EndProject
Global
	GlobalSection(SolutionConfigurationPlatforms) = preSolution
		Debug|Any CPU = Debug|Any CPU
		Release|Any CPU = Release|Any CPU
	EndGlobalSection
	GlobalSection(ProjectConfigurationPlatforms) = postSolution
		{545E2946-A1E2-4AF9-A05C-C74606936297}.Debug|Any CPU.ActiveCfg = Debug|Any CPU
		{545E2946-A1E2-4AF9-A05C-C74606936297}.Debug|Any CPU.Build.0 = Debug|Any CPU
		{545E2946-A1E2-4AF9-A05C-C74606936297}.Release|Any CPU.ActiveCfg = Release|Any CPU
		{545E2946-A1E2-4AF9-A05C-C74606936297}.Release|Any CPU.Build.0 = Release|Any CPU
	EndGlobalSection
	GlobalSection(SolutionProperties) = preSolution
		HideSolutionNode = FALSE
	EndGlobalSection
	GlobalSection(ExtensibilityGlobals) = postSolution
		SolutionGuid = {1ADCE0D6-5D88-4C5E-97FA-2D366AE15262}
	EndGlobalSection
EndGlobal
