
Microsoft Visual Studio Solution File, Format Version 12.00
# Visual Studio 15
VisualStudioVersion = 15.0.28307.271
MinimumVisualStudioVersion = 10.0.40219.1
Project("{FAE04EC0-301F-11D3-BF4B-00C04F79EFBC}") = "opg_arrays2.4", "opg_arrays2.4\opg_arrays2.4.csproj", "{92A4FF5F-F936-42A3-BDC4-C41D2015528F}"
EndProject
Global
	GlobalSection(SolutionConfigurationPlatforms) = preSolution
		Debug|Any CPU = Debug|Any CPU
		Release|Any CPU = Release|Any CPU
	EndGlobalSection
	GlobalSection(ProjectConfigurationPlatforms) = postSolution
		{92A4FF5F-F936-42A3-BDC4-C41D2015528F}.Debug|Any CPU.ActiveCfg = Debug|Any CPU
		{92A4FF5F-F936-42A3-BDC4-C41D2015528F}.Debug|Any CPU.Build.0 = Debug|Any CPU
		{92A4FF5F-F936-42A3-BDC4-C41D2015528F}.Release|Any CPU.ActiveCfg = Release|Any CPU
		{92A4FF5F-F936-42A3-BDC4-C41D2015528F}.Release|Any CPU.Build.0 = Release|Any CPU
	EndGlobalSection
	GlobalSection(SolutionProperties) = preSolution
		HideSolutionNode = FALSE
	EndGlobalSection
	GlobalSection(ExtensibilityGlobals) = postSolution
		SolutionGuid = {63DD9E17-7C27-4695-B0E4-A741B215E1D9}
	EndGlobalSection
EndGlobal
