
Microsoft Visual Studio Solution File, Format Version 12.00
# Visual Studio 15
VisualStudioVersion = 15.0.28307.271
MinimumVisualStudioVersion = 10.0.40219.1
Project("{FAE04EC0-301F-11D3-BF4B-00C04F79EFBC}") = "metoder_files", "metoder_files\metoder_files.csproj", "{140F8D58-5383-4C9D-A3E8-959925C68751}"
EndProject
Global
	GlobalSection(SolutionConfigurationPlatforms) = preSolution
		Debug|Any CPU = Debug|Any CPU
		Release|Any CPU = Release|Any CPU
	EndGlobalSection
	GlobalSection(ProjectConfigurationPlatforms) = postSolution
		{140F8D58-5383-4C9D-A3E8-959925C68751}.Debug|Any CPU.ActiveCfg = Debug|Any CPU
		{140F8D58-5383-4C9D-A3E8-959925C68751}.Debug|Any CPU.Build.0 = Debug|Any CPU
		{140F8D58-5383-4C9D-A3E8-959925C68751}.Release|Any CPU.ActiveCfg = Release|Any CPU
		{140F8D58-5383-4C9D-A3E8-959925C68751}.Release|Any CPU.Build.0 = Release|Any CPU
	EndGlobalSection
	GlobalSection(SolutionProperties) = preSolution
		HideSolutionNode = FALSE
	EndGlobalSection
	GlobalSection(ExtensibilityGlobals) = postSolution
		SolutionGuid = {3A308B10-F0CB-4245-86F4-DFEE75EE6E6A}
	EndGlobalSection
EndGlobal
