
Microsoft Visual Studio Solution File, Format Version 12.00
# Visual Studio 15
VisualStudioVersion = 15.0.28307.271
MinimumVisualStudioVersion = 10.0.40219.1
Project("{FAE04EC0-301F-11D3-BF4B-00C04F79EFBC}") = "opg_metoder3", "opg_metoder3\opg_metoder3.csproj", "{B6AAFDFF-06BE-4BD0-B03F-0F977C6DF418}"
EndProject
Global
	GlobalSection(SolutionConfigurationPlatforms) = preSolution
		Debug|Any CPU = Debug|Any CPU
		Release|Any CPU = Release|Any CPU
	EndGlobalSection
	GlobalSection(ProjectConfigurationPlatforms) = postSolution
		{B6AAFDFF-06BE-4BD0-B03F-0F977C6DF418}.Debug|Any CPU.ActiveCfg = Debug|Any CPU
		{B6AAFDFF-06BE-4BD0-B03F-0F977C6DF418}.Debug|Any CPU.Build.0 = Debug|Any CPU
		{B6AAFDFF-06BE-4BD0-B03F-0F977C6DF418}.Release|Any CPU.ActiveCfg = Release|Any CPU
		{B6AAFDFF-06BE-4BD0-B03F-0F977C6DF418}.Release|Any CPU.Build.0 = Release|Any CPU
	EndGlobalSection
	GlobalSection(SolutionProperties) = preSolution
		HideSolutionNode = FALSE
	EndGlobalSection
	GlobalSection(ExtensibilityGlobals) = postSolution
		SolutionGuid = {FC6F794E-A624-4543-9A8A-30FB74A41E23}
	EndGlobalSection
EndGlobal
