
Microsoft Visual Studio Solution File, Format Version 12.00
# Visual Studio 15
VisualStudioVersion = 15.0.28307.271
MinimumVisualStudioVersion = 10.0.40219.1
Project("{FAE04EC0-301F-11D3-BF4B-00C04F79EFBC}") = "opg_metoder1", "opg_metoder1\opg_metoder1.csproj", "{D97530AD-A44A-40F6-83A7-826DCC6AB6AE}"
EndProject
Global
	GlobalSection(SolutionConfigurationPlatforms) = preSolution
		Debug|Any CPU = Debug|Any CPU
		Release|Any CPU = Release|Any CPU
	EndGlobalSection
	GlobalSection(ProjectConfigurationPlatforms) = postSolution
		{D97530AD-A44A-40F6-83A7-826DCC6AB6AE}.Debug|Any CPU.ActiveCfg = Debug|Any CPU
		{D97530AD-A44A-40F6-83A7-826DCC6AB6AE}.Debug|Any CPU.Build.0 = Debug|Any CPU
		{D97530AD-A44A-40F6-83A7-826DCC6AB6AE}.Release|Any CPU.ActiveCfg = Release|Any CPU
		{D97530AD-A44A-40F6-83A7-826DCC6AB6AE}.Release|Any CPU.Build.0 = Release|Any CPU
	EndGlobalSection
	GlobalSection(SolutionProperties) = preSolution
		HideSolutionNode = FALSE
	EndGlobalSection
	GlobalSection(ExtensibilityGlobals) = postSolution
		SolutionGuid = {E7469B9D-DEB9-41FD-BAAB-76D6C4B0DA25}
	EndGlobalSection
EndGlobal
